
Microsoft Visual Studio Solution File, Format Version 12.00
# Visual Studio Version 16
VisualStudioVersion = 16.0.30225.117
MinimumVisualStudioVersion = 10.0.40219.1
Project("{FAE04EC0-301F-11D3-BF4B-00C04F79EFBC}") = "GeoPlatform", "GeoPlatform\GeoPlatform.csproj", "{FD17B8FB-6CD6-4EBE-900E-3A091D012D0E}"
EndProject
Global
	GlobalSection(SolutionConfigurationPlatforms) = preSolution
		Debug|Any CPU = Debug|Any CPU
		Release|Any CPU = Release|Any CPU
	EndGlobalSection
	GlobalSection(ProjectConfigurationPlatforms) = postSolution
		{FD17B8FB-6CD6-4EBE-900E-3A091D012D0E}.Debug|Any CPU.ActiveCfg = Debug|Any CPU
		{FD17B8FB-6CD6-4EBE-900E-3A091D012D0E}.Debug|Any CPU.Build.0 = Debug|Any CPU
		{FD17B8FB-6CD6-4EBE-900E-3A091D012D0E}.Release|Any CPU.ActiveCfg = Release|Any CPU
		{FD17B8FB-6CD6-4EBE-900E-3A091D012D0E}.Release|Any CPU.Build.0 = Release|Any CPU
	EndGlobalSection
	GlobalSection(SolutionProperties) = preSolution
		HideSolutionNode = FALSE
	EndGlobalSection
	GlobalSection(ExtensibilityGlobals) = postSolution
		SolutionGuid = {25F5E765-4103-4E3E-886F-70DBE35B587E}
	EndGlobalSection
EndGlobal
